# This file is @generated by PDM.
# It is not intended for manual editing.

[metadata]
groups = ["default"]
strategy = ["cross_platform", "inherit_metadata"]
lock_version = "4.4.1"
content_hash = "sha256:71b6e0c68acb636ec62448c986c49db349d75e458c7f7243d7e4607f67cdd71a"

[[package]]
name = "nodejs-wheel-binaries"
version = "20.15.0"
requires_python = ">=3.7"
summary = "unoffical Node.js package"
groups = ["default"]
files = [
    {file = "nodejs_wheel_binaries-20.15.0-py2.py3-none-macosx_10_15_x86_64.whl", hash = "sha256:16cf7edbb67c57d3eb2482db0d95fb58a9c65170063b48c2fe877b6e129fe802"},
    {file = "nodejs_wheel_binaries-20.15.0-py2.py3-none-macosx_11_0_arm64.whl", hash = "sha256:1be468912a5f666bf6f035474b1ed87d04e9908ff3ffe82fc485ec67c771c6ff"},
    {file = "nodejs_wheel_binaries-20.15.0-py2.py3-none-manylinux_2_17_aarch64.manylinux2014_aarch64.whl", hash = "sha256:3d5b3d53f1b992d766190578daf1f719bd412e8df2667dbd3f5864df70c0c99f"},
    {file = "nodejs_wheel_binaries-20.15.0-py2.py3-none-manylinux_2_17_x86_64.manylinux2014_x86_64.whl", hash = "sha256:036122f5d33f0d9a0160e5a60c2b98fc5cf55308ca826a48a0e0323ffdc4e9c8"},
    {file = "nodejs_wheel_binaries-20.15.0-py2.py3-none-musllinux_1_2_x86_64.whl", hash = "sha256:6637bcc4aa995adddfa35bd69dd7cc5432497ad35be48f0c1b98cd781790a6f5"},
    {file = "nodejs_wheel_binaries-20.15.0-py2.py3-none-win_amd64.whl", hash = "sha256:f2ff3240ecda17375f78905ebc25a3d0f055a5c29e1f327a9a37d974af6729a0"},
    {file = "nodejs_wheel_binaries-20.15.0.tar.gz", hash = "sha256:ef3820341946396abd2ebffc45bbb9386ef84ed51c0d04759f8fe8e50615c85e"},
]
